
Microsoft Visual Studio Solution File, Format Version 12.00
# Visual Studio Version 16
VisualStudioVersion = 16.0.29209.62
MinimumVisualStudioVersion = 10.0.40219.1
Project("{FAE04EC0-301F-11D3-BF4B-00C04F79EFBC}") = "Ant-Colony-05", "Ant-Colony-05\Ant-Colony-05.csproj", "{6CBF4707-CDF9-47EC-8AED-FFAEADB44A20}"
EndProject
Global
	GlobalSection(SolutionConfigurationPlatforms) = preSolution
		Debug|Any CPU = Debug|Any CPU
		Release|Any CPU = Release|Any CPU
	EndGlobalSection
	GlobalSection(ProjectConfigurationPlatforms) = postSolution
		{6CBF4707-CDF9-47EC-8AED-FFAEADB44A20}.Debug|Any CPU.ActiveCfg = Debug|Any CPU
		{6CBF4707-CDF9-47EC-8AED-FFAEADB44A20}.Debug|Any CPU.Build.0 = Debug|Any CPU
		{6CBF4707-CDF9-47EC-8AED-FFAEADB44A20}.Release|Any CPU.ActiveCfg = Release|Any CPU
		{6CBF4707-CDF9-47EC-8AED-FFAEADB44A20}.Release|Any CPU.Build.0 = Release|Any CPU
	EndGlobalSection
	GlobalSection(SolutionProperties) = preSolution
		HideSolutionNode = FALSE
	EndGlobalSection
	GlobalSection(ExtensibilityGlobals) = postSolution
		SolutionGuid = {EAA540E0-71AE-419A-8629-0AA01D145B1B}
	EndGlobalSection
EndGlobal
