
Microsoft Visual Studio Solution File, Format Version 12.00
# Visual Studio Version 16
VisualStudioVersion = 16.0.29209.62
MinimumVisualStudioVersion = 10.0.40219.1
Project("{FAE04EC0-301F-11D3-BF4B-00C04F79EFBC}") = "Ant Colony-01", "Ant Colony-01\Ant Colony-01.csproj", "{420E404E-4BD6-4128-AAD6-1F4DE956E41B}"
EndProject
Global
	GlobalSection(SolutionConfigurationPlatforms) = preSolution
		Debug|Any CPU = Debug|Any CPU
		Release|Any CPU = Release|Any CPU
	EndGlobalSection
	GlobalSection(ProjectConfigurationPlatforms) = postSolution
		{420E404E-4BD6-4128-AAD6-1F4DE956E41B}.Debug|Any CPU.ActiveCfg = Debug|Any CPU
		{420E404E-4BD6-4128-AAD6-1F4DE956E41B}.Debug|Any CPU.Build.0 = Debug|Any CPU
		{420E404E-4BD6-4128-AAD6-1F4DE956E41B}.Release|Any CPU.ActiveCfg = Release|Any CPU
		{420E404E-4BD6-4128-AAD6-1F4DE956E41B}.Release|Any CPU.Build.0 = Release|Any CPU
	EndGlobalSection
	GlobalSection(SolutionProperties) = preSolution
		HideSolutionNode = FALSE
	EndGlobalSection
	GlobalSection(ExtensibilityGlobals) = postSolution
		SolutionGuid = {48F0B7DB-6786-406A-A04A-DF2790A7C10E}
	EndGlobalSection
EndGlobal
